
Microsoft Visual Studio Solution File, Format Version 12.00
# Visual Studio Version 17
VisualStudioVersion = 17.11.35312.102
MinimumVisualStudioVersion = 10.0.40219.1
Project("{FAE04EC0-301F-11D3-BF4B-00C04F79EFBC}") = "Book Management", "Book Management.csproj", "{033BF916-FB22-45FC-BACC-9C53983F23C1}"
EndProject
Global
	GlobalSection(SolutionConfigurationPlatforms) = preSolution
		Debug|Any CPU = Debug|Any CPU
		Release|Any CPU = Release|Any CPU
	EndGlobalSection
	GlobalSection(ProjectConfigurationPlatforms) = postSolution
		{033BF916-FB22-45FC-BACC-9C53983F23C1}.Debug|Any CPU.ActiveCfg = Debug|Any CPU
		{033BF916-FB22-45FC-BACC-9C53983F23C1}.Debug|Any CPU.Build.0 = Debug|Any CPU
		{033BF916-FB22-45FC-BACC-9C53983F23C1}.Release|Any CPU.ActiveCfg = Release|Any CPU
		{033BF916-FB22-45FC-BACC-9C53983F23C1}.Release|Any CPU.Build.0 = Release|Any CPU
	EndGlobalSection
	GlobalSection(SolutionProperties) = preSolution
		HideSolutionNode = FALSE
	EndGlobalSection
	GlobalSection(ExtensibilityGlobals) = postSolution
		SolutionGuid = {FB49A489-D33E-47F5-AE9A-6D1385A783C3}
	EndGlobalSection
EndGlobal
